
Microsoft Visual Studio Solution File, Format Version 12.00
# Visual Studio Version 17
VisualStudioVersion = 17.7.34031.279
MinimumVisualStudioVersion = 10.0.40219.1
Project("{9A19103F-16F7-4668-BE54-9A1E7A4F7556}") = "ReservationAPI", "ReservationAPI\ReservationAPI.csproj", "{07E1F7DA-CDB8-48FB-9338-7CB211CFA042}"
EndProject
Global
	GlobalSection(SolutionConfigurationPlatforms) = preSolution
		Debug|Any CPU = Debug|Any CPU
		Release|Any CPU = Release|Any CPU
	EndGlobalSection
	GlobalSection(ProjectConfigurationPlatforms) = postSolution
		{07E1F7DA-CDB8-48FB-9338-7CB211CFA042}.Debug|Any CPU.ActiveCfg = Debug|Any CPU
		{07E1F7DA-CDB8-48FB-9338-7CB211CFA042}.Debug|Any CPU.Build.0 = Debug|Any CPU
		{07E1F7DA-CDB8-48FB-9338-7CB211CFA042}.Release|Any CPU.ActiveCfg = Release|Any CPU
		{07E1F7DA-CDB8-48FB-9338-7CB211CFA042}.Release|Any CPU.Build.0 = Release|Any CPU
	EndGlobalSection
	GlobalSection(SolutionProperties) = preSolution
		HideSolutionNode = FALSE
	EndGlobalSection
	GlobalSection(ExtensibilityGlobals) = postSolution
		SolutionGuid = {937D4E87-3689-4FCC-B1E9-B78874721C81}
	EndGlobalSection
EndGlobal
